
Microsoft Visual Studio Solution File, Format Version 12.00
# Visual Studio Version 17
VisualStudioVersion = 17.5.002.0
MinimumVisualStudioVersion = 10.0.40219.1
Project("{9A19103F-16F7-4668-BE54-9A1E7A4F7556}") = "AplicativoDeportivoWeb", "AplicativoDeportivoWeb.csproj", "{39F54DE5-E7B6-4E24-BA6B-0E6AA10C3B13}"
EndProject
Global
	GlobalSection(SolutionConfigurationPlatforms) = preSolution
		Debug|Any CPU = Debug|Any CPU
		Release|Any CPU = Release|Any CPU
	EndGlobalSection
	GlobalSection(ProjectConfigurationPlatforms) = postSolution
		{39F54DE5-E7B6-4E24-BA6B-0E6AA10C3B13}.Debug|Any CPU.ActiveCfg = Debug|Any CPU
		{39F54DE5-E7B6-4E24-BA6B-0E6AA10C3B13}.Debug|Any CPU.Build.0 = Debug|Any CPU
		{39F54DE5-E7B6-4E24-BA6B-0E6AA10C3B13}.Release|Any CPU.ActiveCfg = Release|Any CPU
		{39F54DE5-E7B6-4E24-BA6B-0E6AA10C3B13}.Release|Any CPU.Build.0 = Release|Any CPU
	EndGlobalSection
	GlobalSection(SolutionProperties) = preSolution
		HideSolutionNode = FALSE
	EndGlobalSection
	GlobalSection(ExtensibilityGlobals) = postSolution
		SolutionGuid = {8FB915D3-9379-41BB-ACE0-FDD2CA1E5937}
	EndGlobalSection
EndGlobal
